// !$*UTF8*$!
{
	archiveVersion = 1;
	classes = {
	};
	objectVersion = 48;
	objects = {

/* Begin PBXBuildFile section */
		49D339551FB2AE1500845450 /* AppDelegate.swift in Sources */ = {isa = PBXBuildFile; fileRef = 49D339541FB2AE1500845450 /* AppDelegate.swift */; };
		49D339571FB2AE1500845450 /* ViewController.swift in Sources */ = {isa = PBXBuildFile; fileRef = 49D339561FB2AE1500845450 /* ViewController.swift */; };
		49D3395A1FB2AE1500845450 /* Main.storyboard in Resources */ = {isa = PBXBuildFile; fileRef = 49D339581FB2AE1500845450 /* Main.storyboard */; };
		49D3395C1FB2AE1500845450 /* Assets.xcassets in Resources */ = {isa = PBXBuildFile; fileRef = 49D3395B1FB2AE1500845450 /* Assets.xcassets */; };
		49D3395F1FB2AE1500845450 /* LaunchScreen.storyboard in Resources */ = {isa = PBXBuildFile; fileRef = 49D3395D1FB2AE1500845450 /* LaunchScreen.storyboard */; };
		49D339671FB2AE4500845450 /* Networking.swift in Sources */ = {isa = PBXBuildFile; fileRef = 49D339661FB2AE4500845450 /* Networking.swift */; };
		49F68F2E1FB2AEB5003014B7 /* Event.swift in Sources */ = {isa = PBXBuildFile; fileRef = 49F68F2D1FB2AEB5003014B7 /* Event.swift */; };
/* End PBXBuildFile section */

/* Begin PBXFileReference section */
		49D339511FB2AE1500845450 /* githubCompanion.app */ = {isa = PBXFileReference; explicitFileType = wrapper.application; includeInIndex = 0; path = githubCompanion.app; sourceTree = BUILT_PRODUCTS_DIR; };
		49D339541FB2AE1500845450 /* AppDelegate.swift */ = {isa = PBXFileReference; lastKnownFileType = sourcecode.swift; path = AppDelegate.swift; sourceTree = "<group>"; };
		49D339561FB2AE1500845450 /* ViewController.swift */ = {isa = PBXFileReference; lastKnownFileType = sourcecode.swift; path = ViewController.swift; sourceTree = "<group>"; };
		49D339591FB2AE1500845450 /* Base */ = {isa = PBXFileReference; lastKnownFileType = file.storyboard; name = Base; path = Base.lproj/Main.storyboard; sourceTree = "<group>"; };
		49D3395B1FB2AE1500845450 /* Assets.xcassets */ = {isa = PBXFileReference; lastKnownFileType = folder.assetcatalog; path = Assets.xcassets; sourceTree = "<group>"; };
		49D3395E1FB2AE1500845450 /* Base */ = {isa = PBXFileReference; lastKnownFileType = file.storyboard; name = Base; path = Base.lproj/LaunchScreen.storyboard; sourceTree = "<group>"; };
		49D339601FB2AE1500845450 /* Info.plist */ = {isa = PBXFileReference; lastKnownFileType = text.plist.xml; path = Info.plist; sourceTree = "<group>"; };
		49D339661FB2AE4500845450 /* Networking.swift */ = {isa = PBXFileReference; fileEncoding = 4; lastKnownFileType = sourcecode.swift; path = Networking.swift; sourceTree = "<group>"; };
		49F68F2D1FB2AEB5003014B7 /* Event.swift */ = {isa = PBXFileReference; lastKnownFileType = sourcecode.swift; path = Event.swift; sourceTree = "<group>"; };
/* End PBXFileReference section */

/* Begin PBXFrameworksBuildPhase section */
		49D3394E1FB2AE1500845450 /* Frameworks */ = {
			isa = PBXFrameworksBuildPhase;
			buildActionMask = 2147483647;
			files = (
			);
			runOnlyForDeploymentPostprocessing = 0;
		};
/* End PBXFrameworksBuildPhase section */

/* Begin PBXGroup section */
		49D339481FB2AE1500845450 = {
			isa = PBXGroup;
			children = (
				49D339531FB2AE1500845450 /* githubCompanion */,
				49D339521FB2AE1500845450 /* Products */,
			);
			sourceTree = "<group>";
		};
		49D339521FB2AE1500845450 /* Products */ = {
			isa = PBXGroup;
			children = (
				49D339511FB2AE1500845450 /* githubCompanion.app */,
			);
			name = Products;
			sourceTree = "<group>";
		};
		49D339531FB2AE1500845450 /* githubCompanion */ = {
			isa = PBXGroup;
			children = (
				49D339541FB2AE1500845450 /* AppDelegate.swift */,
				49D339561FB2AE1500845450 /* ViewController.swift */,
				49D339661FB2AE4500845450 /* Networking.swift */,
				49F68F2D1FB2AEB5003014B7 /* Event.swift */,
				49D339581FB2AE1500845450 /* Main.storyboard */,
				49D3395B1FB2AE1500845450 /* Assets.xcassets */,
				49D3395D1FB2AE1500845450 /* LaunchScreen.storyboard */,
				49D339601FB2AE1500845450 /* Info.plist */,
			);
			path = githubCompanion;
			sourceTree = "<group>";
		};
/* End PBXGroup section */

/* Begin PBXNativeTarget section */
		49D339501FB2AE1500845450 /* githubCompanion */ = {
			isa = PBXNativeTarget;
			buildConfigurationList = 49D339631FB2AE1500845450 /* Build configuration list for PBXNativeTarget "githubCompanion" */;
			buildPhases = (
				49D3394D1FB2AE1500845450 /* Sources */,
				49D3394E1FB2AE1500845450 /* Frameworks */,
				49D3394F1FB2AE1500845450 /* Resources */,
			);
			buildRules = (
			);
			dependencies = (
			);
			name = githubCompanion;
			productName = githubCompanion;
			productReference = 49D339511FB2AE1500845450 /* githubCompanion.app */;
			productType = "com.apple.product-type.application";
		};
/* End PBXNativeTarget section */

/* Begin PBXProject section */
		49D339491FB2AE1500845450 /* Project object */ = {
			isa = PBXProject;
			attributes = {
				LastSwiftUpdateCheck = 0910;
				LastUpgradeCheck = 0910;
				ORGANIZATIONNAME = "Andrew Tsukuda";
				TargetAttributes = {
					49D339501FB2AE1500845450 = {
						CreatedOnToolsVersion = 9.1;
						ProvisioningStyle = Automatic;
					};
				};
			};
			buildConfigurationList = 49D3394C1FB2AE1500845450 /* Build configuration list for PBXProject "githubCompanion" */;
			compatibilityVersion = "Xcode 8.0";
			developmentRegion = en;
			hasScannedForEncodings = 0;
			knownRegions = (
				en,
				Base,
			);
			mainGroup = 49D339481FB2AE1500845450;
			productRefGroup = 49D339521FB2AE1500845450 /* Products */;
			projectDirPath = "";
			projectRoot = "";
			targets = (
				49D339501FB2AE1500845450 /* githubCompanion */,
			);
		};
/* End PBXProject section */

/* Begin PBXResourcesBuildPhase section */
		49D3394F1FB2AE1500845450 /* Resources */ = {
			isa = PBXResourcesBuildPhase;
			buildActionMask = 2147483647;
			files = (
				49D3395F1FB2AE1500845450 /* LaunchScreen.storyboard in Resources */,
				49D3395C1FB2AE1500845450 /* Assets.xcassets in Resources */,
				49D3395A1FB2AE1500845450 /* Main.storyboard in Resources */,
			);
			runOnlyForDeploymentPostprocessing = 0;
		};
/* End PBXResourcesBuildPhase section */

/* Begin PBXSourcesBuildPhase section */
		49D3394D1FB2AE1500845450 /* Sources */ = {
			isa = PBXSourcesBuildPhase;
			buildActionMask = 2147483647;
			files = (
				49F68F2E1FB2AEB5003014B7 /* Event.swift in Sources */,
				49D339671FB2AE4500845450 /* Networking.swift in Sources */,
				49D339571FB2AE1500845450 /* ViewController.swift in Sources */,
				49D339551FB2AE1500845450 /* AppDelegate.swift in Sources */,
			);
			runOnlyForDeploymentPostprocessing = 0;
		};
/* End PBXSourcesBuildPhase section */

/* Begin PBXVariantGroup section */
		49D339581FB2AE1500845450 /* Main.storyboard */ = {
			isa = PBXVariantGroup;
			children = (
				49D339591FB2AE1500845450 /* Base */,
			);
			name = Main.storyboard;
			sourceTree = "<group>";
		};
		49D3395D1FB2AE1500845450 /* LaunchScreen.storyboard */ = {
			isa = PBXVariantGroup;
			children = (
				49D3395E1FB2AE1500845450 /* Base */,
			);
			name = LaunchScreen.storyboard;
			sourceTree = "<group>";
		};
/* End PBXVariantGroup section */

/* Begin XCBuildConfiguration section */
		49D339611FB2AE1500845450 /* Debug */ = {
			isa = XCBuildConfiguration;
			buildSettings = {
				ALWAYS_SEARCH_USER_PATHS = NO;
				CLANG_ANALYZER_NONNULL = YES;
				CLANG_ANALYZER_NUMBER_OBJECT_CONVERSION = YES_AGGRESSIVE;
				CLANG_CXX_LANGUAGE_STANDARD = "gnu++14";
				CLANG_CXX_LIBRARY = "libc++";
				CLANG_ENABLE_MODULES = YES;
				CLANG_ENABLE_OBJC_ARC = YES;
				CLANG_WARN_BLOCK_CAPTURE_AUTORELEASING = YES;
				CLANG_WARN_BOOL_CONVERSION = YES;
				CLANG_WARN_COMMA = YES;
				CLANG_WARN_CONSTANT_CONVERSION = YES;
				CLANG_WARN_DIRECT_OBJC_ISA_USAGE = YES_ERROR;
				CLANG_WARN_DOCUMENTATION_COMMENTS = YES;
				CLANG_WARN_EMPTY_BODY = YES;
				CLANG_WARN_ENUM_CONVERSION = YES;
				CLANG_WARN_INFINITE_RECURSION = YES;
				CLANG_WARN_INT_CONVERSION = YES;
				CLANG_WARN_NON_LITERAL_NULL_CONVERSION = YES;
				CLANG_WARN_OBJC_LITERAL_CONVERSION = YES;
				CLANG_WARN_OBJC_ROOT_CLASS = YES_ERROR;
				CLANG_WARN_RANGE_LOOP_ANALYSIS = YES;
				CLANG_WARN_STRICT_PROTOTYPES = YES;
				CLANG_WARN_SUSPICIOUS_MOVE = YES;
				CLANG_WARN_UNGUARDED_AVAILABILITY = YES_AGGRESSIVE;
				CLANG_WARN_UNREACHABLE_CODE = YES;
				CLANG_WARN__DUPLICATE_METHOD_MATCH = YES;
				CODE_SIGN_IDENTITY = "iPhone Developer";
				COPY_PHASE_STRIP = NO;
				DEBUG_INFORMATION_FORMAT = dwarf;
				ENABLE_STRICT_OBJC_MSGSEND = YES;
				ENABLE_TESTABILITY = YES;
				GCC_C_LANGUAGE_STANDARD = gnu11;
				GCC_DYNAMIC_NO_PIC = NO;
				GCC_NO_COMMON_BLOCKS = YES;
				GCC_OPTIMIZATION_LEVEL = 0;
				GCC_PREPROCESSOR_DEFINITIONS = (
					"DEBUG=1",
					"$(inherited)",
				);
				GCC_WARN_64_TO_32_BIT_CONVERSION = YES;
				GCC_WARN_ABOUT_RETURN_TYPE = YES_ERROR;
				GCC_WARN_UNDECLARED_SELECTOR = YES;
				GCC_WARN_UNINITIALIZED_AUTOS = YES_AGGRESSIVE;
				GCC_WARN_UNUSED_FUNCTION = YES;
				GCC_WARN_UNUSED_VARIABLE = YES;
				IPHONEOS_DEPLOYMENT_TARGET = 11.1;
				MTL_ENABLE_DEBUG_INFO = YES;
				ONLY_ACTIVE_ARCH = YES;
				SDKROOT = iphoneos;
				SWIFT_ACTIVE_COMPILATION_CONDITIONS = DEBUG;
				SWIFT_OPTIMIZATION_LEVEL = "-Onone";
			};
			name = Debug;
		};
		49D339621FB2AE1500845450 /* Release */ = {
			isa = XCBuildConfiguration;
			buildSettings = {
				ALWAYS_SEARCH_USER_PATHS = NO;
				CLANG_ANALYZER_NONNULL = YES;
				CLANG_ANALYZER_NUMBER_OBJECT_CONVERSION = YES_AGGRESSIVE;
				CLANG_CXX_LANGUAGE_STANDARD = "gnu++14";
				CLANG_CXX_LIBRARY = "libc++";
				CLANG_ENABLE_MODULES = YES;
				CLANG_ENABLE_OBJC_ARC = YES;
				CLANG_WARN_BLOCK_CAPTURE_AUTORELEASING = YES;
				CLANG_WARN_BOOL_CONVERSION = YES;
				CLANG_WARN_COMMA = YES;
				CLANG_WARN_CONSTANT_CONVERSION = YES;
				CLANG_WARN_DIRECT_OBJC_ISA_USAGE = YES_ERROR;
				CLANG_WARN_DOCUMENTATION_COMMENTS = YES;
				CLANG_WARN_EMPTY_BODY = YES;
				CLANG_WARN_ENUM_CONVERSION = YES;
				CLANG_WARN_INFINITE_RECURSION = YES;
				CLANG_WARN_INT_CONVERSION = YES;
				CLANG_WARN_NON_LITERAL_NULL_CONVERSION = YES;
				CLANG_WARN_OBJC_LITERAL_CONVERSION = YES;
				CLANG_WARN_OBJC_ROOT_CLASS = YES_ERROR;
				CLANG_WARN_RANGE_LOOP_ANALYSIS = YES;
				CLANG_WARN_STRICT_PROTOTYPES = YES;
				CLANG_WARN_SUSPICIOUS_MOVE = YES;
				CLANG_WARN_UNGUARDED_AVAILABILITY = YES_AGGRESSIVE;
				CLANG_WARN_UNREACHABLE_CODE = YES;
				CLANG_WARN__DUPLICATE_METHOD_MATCH = YES;
				CODE_SIGN_IDENTITY = "iPhone Developer";
				COPY_PHASE_STRIP = NO;
				DEBUG_INFORMATION_FORMAT = "dwarf-with-dsym";
				ENABLE_NS_ASSERTIONS = NO;
				ENABLE_STRICT_OBJC_MSGSEND = YES;
				GCC_C_LANGUAGE_STANDARD = gnu11;
				GCC_NO_COMMON_BLOCKS = YES;
				GCC_WARN_64_TO_32_BIT_CONVERSION = YES;
				GCC_WARN_ABOUT_RETURN_TYPE = YES_ERROR;
				GCC_WARN_UNDECLARED_SELECTOR = YES;
				GCC_WARN_UNINITIALIZED_AUTOS = YES_AGGRESSIVE;
				GCC_WARN_UNUSED_FUNCTION = YES;
				GCC_WARN_UNUSED_VARIABLE = YES;
				IPHONEOS_DEPLOYMENT_TARGET = 11.1;
				MTL_ENABLE_DEBUG_INFO = NO;
				SDKROOT = iphoneos;
				SWIFT_OPTIMIZATION_LEVEL = "-Owholemodule";
				VALIDATE_PRODUCT = YES;
			};
			name = Release;
		};
		49D339641FB2AE1500845450 /* Debug */ = {
			isa = XCBuildConfiguration;
			buildSettings = {
				ASSETCATALOG_COMPILER_APPICON_NAME = AppIcon;
				CODE_SIGN_STYLE = Automatic;
				DEVELOPMENT_TEAM = YTYUD7N245;
				INFOPLIST_FILE = githubCompanion/Info.plist;
				IPHONEOS_DEPLOYMENT_TARGET = 11;
				LD_RUNPATH_SEARCH_PATHS = "$(inherited) @executable_path/Frameworks";
				PRODUCT_BUNDLE_IDENTIFIER = tsukudabuddha.githubCompanion;
				PRODUCT_NAME = "$(TARGET_NAME)";
				SWIFT_VERSION = 4.0;
				TARGETED_DEVICE_FAMILY = "1,2";
			};
			name = Debug;
		};
		49D339651FB2AE1500845450 /* Release */ = {
			isa = XCBuildConfiguration;
			buildSettings = {
				ASSETCATALOG_COMPILER_APPICON_NAME = AppIcon;
				CODE_SIGN_STYLE = Automatic;
				DEVELOPMENT_TEAM = YTYUD7N245;
				INFOPLIST_FILE = githubCompanion/Info.plist;
				IPHONEOS_DEPLOYMENT_TARGET = 11;
				LD_RUNPATH_SEARCH_PATHS = "$(inherited) @executable_path/Frameworks";
				PRODUCT_BUNDLE_IDENTIFIER = tsukudabuddha.githubCompanion;
				PRODUCT_NAME = "$(TARGET_NAME)";
				SWIFT_VERSION = 4.0;
				TARGETED_DEVICE_FAMILY = "1,2";
			};
			name = Release;
		};
/* End XCBuildConfiguration section */

/* Begin XCConfigurationList section */
		49D3394C1FB2AE1500845450 /* Build configuration list for PBXProject "githubCompanion" */ = {
			isa = XCConfigurationList;
			buildConfigurations = (
				49D339611FB2AE1500845450 /* Debug */,
				49D339621FB2AE1500845450 /* Release */,
			);
			defaultConfigurationIsVisible = 0;
			defaultConfigurationName = Release;
		};
		49D339631FB2AE1500845450 /* Build configuration list for PBXNativeTarget "githubCompanion" */ = {
			isa = XCConfigurationList;
			buildConfigurations = (
				49D339641FB2AE1500845450 /* Debug */,
				49D339651FB2AE1500845450 /* Release */,
			);
			defaultConfigurationIsVisible = 0;
			defaultConfigurationName = Release;
		};
/* End XCConfigurationList section */
	};
	rootObject = 49D339491FB2AE1500845450 /* Project object */;
}
